
Microsoft Visual Studio Solution File, Format Version 12.00
# Visual Studio Version 17
VisualStudioVersion = 17.3.32922.545
MinimumVisualStudioVersion = 10.0.40219.1
Project("{FAE04EC0-301F-11D3-BF4B-00C04F79EFBC}") = "Domashna rabota", "Domashna rabota\Domashna rabota.csproj", "{01A2EEF8-957A-46F5-BD98-E46FD4753751}"
EndProject
Global
	GlobalSection(SolutionConfigurationPlatforms) = preSolution
		Debug|Any CPU = Debug|Any CPU
		Release|Any CPU = Release|Any CPU
	EndGlobalSection
	GlobalSection(ProjectConfigurationPlatforms) = postSolution
		{01A2EEF8-957A-46F5-BD98-E46FD4753751}.Debug|Any CPU.ActiveCfg = Debug|Any CPU
		{01A2EEF8-957A-46F5-BD98-E46FD4753751}.Debug|Any CPU.Build.0 = Debug|Any CPU
		{01A2EEF8-957A-46F5-BD98-E46FD4753751}.Release|Any CPU.ActiveCfg = Release|Any CPU
		{01A2EEF8-957A-46F5-BD98-E46FD4753751}.Release|Any CPU.Build.0 = Release|Any CPU
	EndGlobalSection
	GlobalSection(SolutionProperties) = preSolution
		HideSolutionNode = FALSE
	EndGlobalSection
	GlobalSection(ExtensibilityGlobals) = postSolution
		SolutionGuid = {AC86A025-103D-433A-B700-F49E0E68BC5D}
	EndGlobalSection
EndGlobal
