
Microsoft Visual Studio Solution File, Format Version 12.00
# Visual Studio Version 17
VisualStudioVersion = 17.3.32922.545
MinimumVisualStudioVersion = 10.0.40219.1
Project("{FAE04EC0-301F-11D3-BF4B-00C04F79EFBC}") = "Domashno", "Domashno\Domashno.csproj", "{665274B6-F085-4769-AADA-D74FA63E58AB}"
EndProject
Project("{FAE04EC0-301F-11D3-BF4B-00C04F79EFBC}") = "w", "w\w.csproj", "{62A4EBB3-C64D-45C9-B243-99CFDAB3917F}"
EndProject
Project("{FAE04EC0-301F-11D3-BF4B-00C04F79EFBC}") = "e", "e\e.csproj", "{8D6C62E6-08A0-4A0F-BF10-6A97F9C59DCF}"
EndProject
Global
	GlobalSection(SolutionConfigurationPlatforms) = preSolution
		Debug|Any CPU = Debug|Any CPU
		Release|Any CPU = Release|Any CPU
	EndGlobalSection
	GlobalSection(ProjectConfigurationPlatforms) = postSolution
		{665274B6-F085-4769-AADA-D74FA63E58AB}.Debug|Any CPU.ActiveCfg = Debug|Any CPU
		{665274B6-F085-4769-AADA-D74FA63E58AB}.Debug|Any CPU.Build.0 = Debug|Any CPU
		{665274B6-F085-4769-AADA-D74FA63E58AB}.Release|Any CPU.ActiveCfg = Release|Any CPU
		{665274B6-F085-4769-AADA-D74FA63E58AB}.Release|Any CPU.Build.0 = Release|Any CPU
		{62A4EBB3-C64D-45C9-B243-99CFDAB3917F}.Debug|Any CPU.ActiveCfg = Debug|Any CPU
		{62A4EBB3-C64D-45C9-B243-99CFDAB3917F}.Debug|Any CPU.Build.0 = Debug|Any CPU
		{62A4EBB3-C64D-45C9-B243-99CFDAB3917F}.Release|Any CPU.ActiveCfg = Release|Any CPU
		{62A4EBB3-C64D-45C9-B243-99CFDAB3917F}.Release|Any CPU.Build.0 = Release|Any CPU
		{8D6C62E6-08A0-4A0F-BF10-6A97F9C59DCF}.Debug|Any CPU.ActiveCfg = Debug|Any CPU
		{8D6C62E6-08A0-4A0F-BF10-6A97F9C59DCF}.Debug|Any CPU.Build.0 = Debug|Any CPU
		{8D6C62E6-08A0-4A0F-BF10-6A97F9C59DCF}.Release|Any CPU.ActiveCfg = Release|Any CPU
		{8D6C62E6-08A0-4A0F-BF10-6A97F9C59DCF}.Release|Any CPU.Build.0 = Release|Any CPU
	EndGlobalSection
	GlobalSection(SolutionProperties) = preSolution
		HideSolutionNode = FALSE
	EndGlobalSection
	GlobalSection(ExtensibilityGlobals) = postSolution
		SolutionGuid = {F0E03AA0-AB92-48F1-8839-B0A53CD5D3F1}
	EndGlobalSection
EndGlobal
